// !$*UTF8*$!
{
	archiveVersion = 1;
	classes = {
	};
	objectVersion = 50;
	objects = {

/* Begin PBXBuildFile section */
		086F5696260BE4BB00FB2615 /* AppDelegate.swift in Sources */ = {isa = PBXBuildFile; fileRef = 086F5695260BE4BB00FB2615 /* AppDelegate.swift */; };
		086F5698260BE4BB00FB2615 /* SceneDelegate.swift in Sources */ = {isa = PBXBuildFile; fileRef = 086F5697260BE4BB00FB2615 /* SceneDelegate.swift */; };
		086F569A260BE4BB00FB2615 /* ViewController.swift in Sources */ = {isa = PBXBuildFile; fileRef = 086F5699260BE4BB00FB2615 /* ViewController.swift */; };
		086F569D260BE4BB00FB2615 /* Main.storyboard in Resources */ = {isa = PBXBuildFile; fileRef = 086F569B260BE4BB00FB2615 /* Main.storyboard */; };
		086F569F260BE4BD00FB2615 /* Assets.xcassets in Resources */ = {isa = PBXBuildFile; fileRef = 086F569E260BE4BD00FB2615 /* Assets.xcassets */; };
		086F56A2260BE4BD00FB2615 /* LaunchScreen.storyboard in Resources */ = {isa = PBXBuildFile; fileRef = 086F56A0260BE4BD00FB2615 /* LaunchScreen.storyboard */; };
/* End PBXBuildFile section */

/* Begin PBXFileReference section */
		086F5692260BE4BB00FB2615 /* Diplom1.app */ = {isa = PBXFileReference; explicitFileType = wrapper.application; includeInIndex = 0; path = Diplom1.app; sourceTree = BUILT_PRODUCTS_DIR; };
		086F5695260BE4BB00FB2615 /* AppDelegate.swift */ = {isa = PBXFileReference; lastKnownFileType = sourcecode.swift; path = AppDelegate.swift; sourceTree = "<group>"; };
		086F5697260BE4BB00FB2615 /* SceneDelegate.swift */ = {isa = PBXFileReference; lastKnownFileType = sourcecode.swift; path = SceneDelegate.swift; sourceTree = "<group>"; };
		086F5699260BE4BB00FB2615 /* ViewController.swift */ = {isa = PBXFileReference; lastKnownFileType = sourcecode.swift; path = ViewController.swift; sourceTree = "<group>"; };
		086F569C260BE4BB00FB2615 /* Base */ = {isa = PBXFileReference; lastKnownFileType = file.storyboard; name = Base; path = Base.lproj/Main.storyboard; sourceTree = "<group>"; };
		086F569E260BE4BD00FB2615 /* Assets.xcassets */ = {isa = PBXFileReference; lastKnownFileType = folder.assetcatalog; path = Assets.xcassets; sourceTree = "<group>"; };
		086F56A1260BE4BD00FB2615 /* Base */ = {isa = PBXFileReference; lastKnownFileType = file.storyboard; name = Base; path = Base.lproj/LaunchScreen.storyboard; sourceTree = "<group>"; };
		086F56A3260BE4BD00FB2615 /* Info.plist */ = {isa = PBXFileReference; lastKnownFileType = text.plist.xml; path = Info.plist; sourceTree = "<group>"; };
/* End PBXFileReference section */

/* Begin PBXFrameworksBuildPhase section */
		086F568F260BE4BB00FB2615 /* Frameworks */ = {
			isa = PBXFrameworksBuildPhase;
			buildActionMask = 2147483647;
			files = (
			);
			runOnlyForDeploymentPostprocessing = 0;
		};
/* End PBXFrameworksBuildPhase section */

/* Begin PBXGroup section */
		086F5689260BE4BB00FB2615 = {
			isa = PBXGroup;
			children = (
				086F5694260BE4BB00FB2615 /* Diplom1 */,
				086F5693260BE4BB00FB2615 /* Products */,
			);
			sourceTree = "<group>";
		};
		086F5693260BE4BB00FB2615 /* Products */ = {
			isa = PBXGroup;
			children = (
				086F5692260BE4BB00FB2615 /* Diplom1.app */,
			);
			name = Products;
			sourceTree = "<group>";
		};
		086F5694260BE4BB00FB2615 /* Diplom1 */ = {
			isa = PBXGroup;
			children = (
				086F5695260BE4BB00FB2615 /* AppDelegate.swift */,
				086F5697260BE4BB00FB2615 /* SceneDelegate.swift */,
				086F5699260BE4BB00FB2615 /* ViewController.swift */,
				086F569B260BE4BB00FB2615 /* Main.storyboard */,
				086F569E260BE4BD00FB2615 /* Assets.xcassets */,
				086F56A0260BE4BD00FB2615 /* LaunchScreen.storyboard */,
				086F56A3260BE4BD00FB2615 /* Info.plist */,
			);
			path = Diplom1;
			sourceTree = "<group>";
		};
/* End PBXGroup section */

/* Begin PBXNativeTarget section */
		086F5691260BE4BB00FB2615 /* Diplom1 */ = {
			isa = PBXNativeTarget;
			buildConfigurationList = 086F56A6260BE4BD00FB2615 /* Build configuration list for PBXNativeTarget "Diplom1" */;
			buildPhases = (
				086F568E260BE4BB00FB2615 /* Sources */,
				086F568F260BE4BB00FB2615 /* Frameworks */,
				086F5690260BE4BB00FB2615 /* Resources */,
			);
			buildRules = (
			);
			dependencies = (
			);
			name = Diplom1;
			productName = Diplom1;
			productReference = 086F5692260BE4BB00FB2615 /* Diplom1.app */;
			productType = "com.apple.product-type.application";
		};
/* End PBXNativeTarget section */

/* Begin PBXProject section */
		086F568A260BE4BB00FB2615 /* Project object */ = {
			isa = PBXProject;
			attributes = {
				LastSwiftUpdateCheck = 1240;
				LastUpgradeCheck = 1240;
				TargetAttributes = {
					086F5691260BE4BB00FB2615 = {
						CreatedOnToolsVersion = 12.4;
					};
				};
			};
			buildConfigurationList = 086F568D260BE4BB00FB2615 /* Build configuration list for PBXProject "Diplom1" */;
			compatibilityVersion = "Xcode 9.3";
			developmentRegion = en;
			hasScannedForEncodings = 0;
			knownRegions = (
				en,
				Base,
			);
			mainGroup = 086F5689260BE4BB00FB2615;
			productRefGroup = 086F5693260BE4BB00FB2615 /* Products */;
			projectDirPath = "";
			projectRoot = "";
			targets = (
				086F5691260BE4BB00FB2615 /* Diplom1 */,
			);
		};
/* End PBXProject section */

/* Begin PBXResourcesBuildPhase section */
		086F5690260BE4BB00FB2615 /* Resources */ = {
			isa = PBXResourcesBuildPhase;
			buildActionMask = 2147483647;
			files = (
				086F56A2260BE4BD00FB2615 /* LaunchScreen.storyboard in Resources */,
				086F569F260BE4BD00FB2615 /* Assets.xcassets in Resources */,
				086F569D260BE4BB00FB2615 /* Main.storyboard in Resources */,
			);
			runOnlyForDeploymentPostprocessing = 0;
		};
/* End PBXResourcesBuildPhase section */

/* Begin PBXSourcesBuildPhase section */
		086F568E260BE4BB00FB2615 /* Sources */ = {
			isa = PBXSourcesBuildPhase;
			buildActionMask = 2147483647;
			files = (
				086F569A260BE4BB00FB2615 /* ViewController.swift in Sources */,
				086F5696260BE4BB00FB2615 /* AppDelegate.swift in Sources */,
				086F5698260BE4BB00FB2615 /* SceneDelegate.swift in Sources */,
			);
			runOnlyForDeploymentPostprocessing = 0;
		};
/* End PBXSourcesBuildPhase section */

/* Begin PBXVariantGroup section */
		086F569B260BE4BB00FB2615 /* Main.storyboard */ = {
			isa = PBXVariantGroup;
			children = (
				086F569C260BE4BB00FB2615 /* Base */,
			);
			name = Main.storyboard;
			sourceTree = "<group>";
		};
		086F56A0260BE4BD00FB2615 /* LaunchScreen.storyboard */ = {
			isa = PBXVariantGroup;
			children = (
				086F56A1260BE4BD00FB2615 /* Base */,
			);
			name = LaunchScreen.storyboard;
			sourceTree = "<group>";
		};
/* End PBXVariantGroup section */

/* Begin XCBuildConfiguration section */
		086F56A4260BE4BD00FB2615 /* Debug */ = {
			isa = XCBuildConfiguration;
			buildSettings = {
				ALWAYS_SEARCH_USER_PATHS = NO;
				CLANG_ANALYZER_NONNULL = YES;
				CLANG_ANALYZER_NUMBER_OBJECT_CONVERSION = YES_AGGRESSIVE;
				CLANG_CXX_LANGUAGE_STANDARD = "gnu++14";
				CLANG_CXX_LIBRARY = "libc++";
				CLANG_ENABLE_MODULES = YES;
				CLANG_ENABLE_OBJC_ARC = YES;
				CLANG_ENABLE_OBJC_WEAK = YES;
				CLANG_WARN_BLOCK_CAPTURE_AUTORELEASING = YES;
				CLANG_WARN_BOOL_CONVERSION = YES;
				CLANG_WARN_COMMA = YES;
				CLANG_WARN_CONSTANT_CONVERSION = YES;
				CLANG_WARN_DEPRECATED_OBJC_IMPLEMENTATIONS = YES;
				CLANG_WARN_DIRECT_OBJC_ISA_USAGE = YES_ERROR;
				CLANG_WARN_DOCUMENTATION_COMMENTS = YES;
				CLANG_WARN_EMPTY_BODY = YES;
				CLANG_WARN_ENUM_CONVERSION = YES;
				CLANG_WARN_INFINITE_RECURSION = YES;
				CLANG_WARN_INT_CONVERSION = YES;
				CLANG_WARN_NON_LITERAL_NULL_CONVERSION = YES;
				CLANG_WARN_OBJC_IMPLICIT_RETAIN_SELF = YES;
				CLANG_WARN_OBJC_LITERAL_CONVERSION = YES;
				CLANG_WARN_OBJC_ROOT_CLASS = YES_ERROR;
				CLANG_WARN_QUOTED_INCLUDE_IN_FRAMEWORK_HEADER = YES;
				CLANG_WARN_RANGE_LOOP_ANALYSIS = YES;
				CLANG_WARN_STRICT_PROTOTYPES = YES;
				CLANG_WARN_SUSPICIOUS_MOVE = YES;
				CLANG_WARN_UNGUARDED_AVAILABILITY = YES_AGGRESSIVE;
				CLANG_WARN_UNREACHABLE_CODE = YES;
				CLANG_WARN__DUPLICATE_METHOD_MATCH = YES;
				COPY_PHASE_STRIP = NO;
				DEBUG_INFORMATION_FORMAT = dwarf;
				ENABLE_STRICT_OBJC_MSGSEND = YES;
				ENABLE_TESTABILITY = YES;
				GCC_C_LANGUAGE_STANDARD = gnu11;
				GCC_DYNAMIC_NO_PIC = NO;
				GCC_NO_COMMON_BLOCKS = YES;
				GCC_OPTIMIZATION_LEVEL = 0;
				GCC_PREPROCESSOR_DEFINITIONS = (
					"DEBUG=1",
					"$(inherited)",
				);
				GCC_WARN_64_TO_32_BIT_CONVERSION = YES;
				GCC_WARN_ABOUT_RETURN_TYPE = YES_ERROR;
				GCC_WARN_UNDECLARED_SELECTOR = YES;
				GCC_WARN_UNINITIALIZED_AUTOS = YES_AGGRESSIVE;
				GCC_WARN_UNUSED_FUNCTION = YES;
				GCC_WARN_UNUSED_VARIABLE = YES;
				IPHONEOS_DEPLOYMENT_TARGET = 14.4;
				MTL_ENABLE_DEBUG_INFO = INCLUDE_SOURCE;
				MTL_FAST_MATH = YES;
				ONLY_ACTIVE_ARCH = YES;
				SDKROOT = iphoneos;
				SWIFT_ACTIVE_COMPILATION_CONDITIONS = DEBUG;
				SWIFT_OPTIMIZATION_LEVEL = "-Onone";
			};
			name = Debug;
		};
		086F56A5260BE4BD00FB2615 /* Release */ = {
			isa = XCBuildConfiguration;
			buildSettings = {
				ALWAYS_SEARCH_USER_PATHS = NO;
				CLANG_ANALYZER_NONNULL = YES;
				CLANG_ANALYZER_NUMBER_OBJECT_CONVERSION = YES_AGGRESSIVE;
				CLANG_CXX_LANGUAGE_STANDARD = "gnu++14";
				CLANG_CXX_LIBRARY = "libc++";
				CLANG_ENABLE_MODULES = YES;
				CLANG_ENABLE_OBJC_ARC = YES;
				CLANG_ENABLE_OBJC_WEAK = YES;
				CLANG_WARN_BLOCK_CAPTURE_AUTORELEASING = YES;
				CLANG_WARN_BOOL_CONVERSION = YES;
				CLANG_WARN_COMMA = YES;
				CLANG_WARN_CONSTANT_CONVERSION = YES;
				CLANG_WARN_DEPRECATED_OBJC_IMPLEMENTATIONS = YES;
				CLANG_WARN_DIRECT_OBJC_ISA_USAGE = YES_ERROR;
				CLANG_WARN_DOCUMENTATION_COMMENTS = YES;
				CLANG_WARN_EMPTY_BODY = YES;
				CLANG_WARN_ENUM_CONVERSION = YES;
				CLANG_WARN_INFINITE_RECURSION = YES;
				CLANG_WARN_INT_CONVERSION = YES;
				CLANG_WARN_NON_LITERAL_NULL_CONVERSION = YES;
				CLANG_WARN_OBJC_IMPLICIT_RETAIN_SELF = YES;
				CLANG_WARN_OBJC_LITERAL_CONVERSION = YES;
				CLANG_WARN_OBJC_ROOT_CLASS = YES_ERROR;
				CLANG_WARN_QUOTED_INCLUDE_IN_FRAMEWORK_HEADER = YES;
				CLANG_WARN_RANGE_LOOP_ANALYSIS = YES;
				CLANG_WARN_STRICT_PROTOTYPES = YES;
				CLANG_WARN_SUSPICIOUS_MOVE = YES;
				CLANG_WARN_UNGUARDED_AVAILABILITY = YES_AGGRESSIVE;
				CLANG_WARN_UNREACHABLE_CODE = YES;
				CLANG_WARN__DUPLICATE_METHOD_MATCH = YES;
				COPY_PHASE_STRIP = NO;
				DEBUG_INFORMATION_FORMAT = "dwarf-with-dsym";
				ENABLE_NS_ASSERTIONS = NO;
				ENABLE_STRICT_OBJC_MSGSEND = YES;
				GCC_C_LANGUAGE_STANDARD = gnu11;
				GCC_NO_COMMON_BLOCKS = YES;
				GCC_WARN_64_TO_32_BIT_CONVERSION = YES;
				GCC_WARN_ABOUT_RETURN_TYPE = YES_ERROR;
				GCC_WARN_UNDECLARED_SELECTOR = YES;
				GCC_WARN_UNINITIALIZED_AUTOS = YES_AGGRESSIVE;
				GCC_WARN_UNUSED_FUNCTION = YES;
				GCC_WARN_UNUSED_VARIABLE = YES;
				IPHONEOS_DEPLOYMENT_TARGET = 14.4;
				MTL_ENABLE_DEBUG_INFO = NO;
				MTL_FAST_MATH = YES;
				SDKROOT = iphoneos;
				SWIFT_COMPILATION_MODE = wholemodule;
				SWIFT_OPTIMIZATION_LEVEL = "-O";
				VALIDATE_PRODUCT = YES;
			};
			name = Release;
		};
		086F56A7260BE4BD00FB2615 /* Debug */ = {
			isa = XCBuildConfiguration;
			buildSettings = {
				ASSETCATALOG_COMPILER_APPICON_NAME = AppIcon;
				ASSETCATALOG_COMPILER_GLOBAL_ACCENT_COLOR_NAME = AccentColor;
				CODE_SIGN_STYLE = Automatic;
				DEVELOPMENT_TEAM = 2T593LHZBQ;
				INFOPLIST_FILE = Diplom1/Info.plist;
				LD_RUNPATH_SEARCH_PATHS = (
					"$(inherited)",
					"@executable_path/Frameworks",
				);
				PRODUCT_BUNDLE_IDENTIFIER = Sergeygrinko.Diplom1;
				PRODUCT_NAME = "$(TARGET_NAME)";
				SWIFT_VERSION = 5.0;
				TARGETED_DEVICE_FAMILY = "1,2";
			};
			name = Debug;
		};
		086F56A8260BE4BD00FB2615 /* Release */ = {
			isa = XCBuildConfiguration;
			buildSettings = {
				ASSETCATALOG_COMPILER_APPICON_NAME = AppIcon;
				ASSETCATALOG_COMPILER_GLOBAL_ACCENT_COLOR_NAME = AccentColor;
				CODE_SIGN_STYLE = Automatic;
				DEVELOPMENT_TEAM = 2T593LHZBQ;
				INFOPLIST_FILE = Diplom1/Info.plist;
				LD_RUNPATH_SEARCH_PATHS = (
					"$(inherited)",
					"@executable_path/Frameworks",
				);
				PRODUCT_BUNDLE_IDENTIFIER = Sergeygrinko.Diplom1;
				PRODUCT_NAME = "$(TARGET_NAME)";
				SWIFT_VERSION = 5.0;
				TARGETED_DEVICE_FAMILY = "1,2";
			};
			name = Release;
		};
/* End XCBuildConfiguration section */

/* Begin XCConfigurationList section */
		086F568D260BE4BB00FB2615 /* Build configuration list for PBXProject "Diplom1" */ = {
			isa = XCConfigurationList;
			buildConfigurations = (
				086F56A4260BE4BD00FB2615 /* Debug */,
				086F56A5260BE4BD00FB2615 /* Release */,
			);
			defaultConfigurationIsVisible = 0;
			defaultConfigurationName = Release;
		};
		086F56A6260BE4BD00FB2615 /* Build configuration list for PBXNativeTarget "Diplom1" */ = {
			isa = XCConfigurationList;
			buildConfigurations = (
				086F56A7260BE4BD00FB2615 /* Debug */,
				086F56A8260BE4BD00FB2615 /* Release */,
			);
			defaultConfigurationIsVisible = 0;
			defaultConfigurationName = Release;
		};
/* End XCConfigurationList section */
	};
	rootObject = 086F568A260BE4BB00FB2615 /* Project object */;
}
